// !$*UTF8*$!
{
	archiveVersion = 1;
	classes = {
	};
	objectVersion = 77;
	objects = {

/* Begin PBXBuildFile section */
		52FAB9972C318EE0F234F494 /* IcedViewportView.swift in Sources */ = {isa = PBXBuildFile; fileRef = 4AF21EB9858D4F182A323DAA /* IcedViewportView.swift */; };
		951153057A1C3373C77657DF /* AcordApp.swift in Sources */ = {isa = PBXBuildFile; fileRef = E391F925E2727D13659EDA02 /* AcordApp.swift */; };
		F0306F25CA56D707AE2E27A0 /* IcedViewportRepresentable.swift in Sources */ = {isa = PBXBuildFile; fileRef = 19D7F3B08824BF5E9E468EF2 /* IcedViewportRepresentable.swift */; };
/* End PBXBuildFile section */

/* Begin PBXFileReference section */
		19D7F3B08824BF5E9E468EF2 /* IcedViewportRepresentable.swift */ = {isa = PBXFileReference; lastKnownFileType = sourcecode.swift; path = IcedViewportRepresentable.swift; sourceTree = "<group>"; };
		4AF21EB9858D4F182A323DAA /* IcedViewportView.swift */ = {isa = PBXFileReference; lastKnownFileType = sourcecode.swift; path = IcedViewportView.swift; sourceTree = "<group>"; };
		C3417095D399AB8B216B5139 /* Acord.app */ = {isa = PBXFileReference; includeInIndex = 0; lastKnownFileType = wrapper.application; path = Acord.app; sourceTree = BUILT_PRODUCTS_DIR; };
		E391F925E2727D13659EDA02 /* AcordApp.swift */ = {isa = PBXFileReference; lastKnownFileType = sourcecode.swift; path = AcordApp.swift; sourceTree = "<group>"; };
/* End PBXFileReference section */

/* Begin PBXGroup section */
		76C61BCA6D25861221CA6340 /* Products */ = {
			isa = PBXGroup;
			children = (
				C3417095D399AB8B216B5139 /* Acord.app */,
			);
			name = Products;
			sourceTree = "<group>";
		};
		EC6EB229D9262E900A247F0A = {
			isa = PBXGroup;
			children = (
				FD6FF6B76E15E1EA3D0E676B /* src */,
				76C61BCA6D25861221CA6340 /* Products */,
			);
			sourceTree = "<group>";
		};
		FD6FF6B76E15E1EA3D0E676B /* src */ = {
			isa = PBXGroup;
			children = (
				E391F925E2727D13659EDA02 /* AcordApp.swift */,
				19D7F3B08824BF5E9E468EF2 /* IcedViewportRepresentable.swift */,
				4AF21EB9858D4F182A323DAA /* IcedViewportView.swift */,
			);
			path = src;
			sourceTree = "<group>";
		};
/* End PBXGroup section */

/* Begin PBXNativeTarget section */
		BE9963B5332D44E1A854C113 /* Acord */ = {
			isa = PBXNativeTarget;
			buildConfigurationList = 3E9D564CF91C62A230D65F8C /* Build configuration list for PBXNativeTarget "Acord" */;
			buildPhases = (
				BEED27C37617469B917539A1 /* Sources */,
			);
			buildRules = (
			);
			dependencies = (
			);
			name = Acord;
			packageProductDependencies = (
			);
			productName = Acord;
			productReference = C3417095D399AB8B216B5139 /* Acord.app */;
			productType = "com.apple.product-type.application";
		};
/* End PBXNativeTarget section */

/* Begin PBXProject section */
		95AA9E1332B7B3FDB04625FA /* Project object */ = {
			isa = PBXProject;
			attributes = {
				BuildIndependentTargetsInParallel = YES;
				LastUpgradeCheck = 1430;
				TargetAttributes = {
					BE9963B5332D44E1A854C113 = {
						DevelopmentTeam = Z9CXT3ZVLD;
						ProvisioningStyle = Automatic;
					};
				};
			};
			buildConfigurationList = 261D70D5A0F2EFA858BAC36B /* Build configuration list for PBXProject "Acord" */;
			developmentRegion = en;
			hasScannedForEncodings = 0;
			knownRegions = (
				Base,
				en,
			);
			mainGroup = EC6EB229D9262E900A247F0A;
			minimizedProjectReferenceProxies = 1;
			preferredProjectObjectVersion = 77;
			productRefGroup = 76C61BCA6D25861221CA6340 /* Products */;
			projectDirPath = "";
			projectRoot = "";
			targets = (
				BE9963B5332D44E1A854C113 /* Acord */,
			);
		};
/* End PBXProject section */

/* Begin PBXSourcesBuildPhase section */
		BEED27C37617469B917539A1 /* Sources */ = {
			isa = PBXSourcesBuildPhase;
			buildActionMask = 2147483647;
			files = (
				951153057A1C3373C77657DF /* AcordApp.swift in Sources */,
				F0306F25CA56D707AE2E27A0 /* IcedViewportRepresentable.swift in Sources */,
				52FAB9972C318EE0F234F494 /* IcedViewportView.swift in Sources */,
			);
			runOnlyForDeploymentPostprocessing = 0;
		};
/* End PBXSourcesBuildPhase section */

/* Begin XCBuildConfiguration section */
		080B2F33A2C01A572AC58876 /* Release */ = {
			isa = XCBuildConfiguration;
			buildSettings = {
				ASSETCATALOG_COMPILER_APPICON_NAME = AppIcon;
				CODE_SIGN_IDENTITY = "iPhone Developer";
				GENERATE_INFOPLIST_FILE = NO;
				INFOPLIST_FILE = Info.plist;
				LD_RUNPATH_SEARCH_PATHS = (
					"$(inherited)",
					"@executable_path/Frameworks",
				);
				SDKROOT = iphoneos;
				TARGETED_DEVICE_FAMILY = "1,2";
			};
			name = Release;
		};
		B3D8DA79CBDF75AC06C89531 /* Debug */ = {
			isa = XCBuildConfiguration;
			buildSettings = {
				ALWAYS_SEARCH_USER_PATHS = NO;
				CLANG_ANALYZER_NONNULL = YES;
				CLANG_ANALYZER_NUMBER_OBJECT_CONVERSION = YES_AGGRESSIVE;
				CLANG_CXX_LANGUAGE_STANDARD = "gnu++14";
				CLANG_CXX_LIBRARY = "libc++";
				CLANG_ENABLE_MODULES = YES;
				CLANG_ENABLE_OBJC_ARC = YES;
				CLANG_ENABLE_OBJC_WEAK = YES;
				CLANG_WARN_BLOCK_CAPTURE_AUTORELEASING = YES;
				CLANG_WARN_BOOL_CONVERSION = YES;
				CLANG_WARN_COMMA = YES;
				CLANG_WARN_CONSTANT_CONVERSION = YES;
				CLANG_WARN_DEPRECATED_OBJC_IMPLEMENTATIONS = YES;
				CLANG_WARN_DIRECT_OBJC_ISA_USAGE = YES_ERROR;
				CLANG_WARN_DOCUMENTATION_COMMENTS = YES;
				CLANG_WARN_EMPTY_BODY = YES;
				CLANG_WARN_ENUM_CONVERSION = YES;
				CLANG_WARN_INFINITE_RECURSION = YES;
				CLANG_WARN_INT_CONVERSION = YES;
				CLANG_WARN_NON_LITERAL_NULL_CONVERSION = YES;
				CLANG_WARN_OBJC_IMPLICIT_RETAIN_SELF = YES;
				CLANG_WARN_OBJC_LITERAL_CONVERSION = YES;
				CLANG_WARN_OBJC_ROOT_CLASS = YES_ERROR;
				CLANG_WARN_QUOTED_INCLUDE_IN_FRAMEWORK_HEADER = YES;
				CLANG_WARN_RANGE_LOOP_ANALYSIS = YES;
				CLANG_WARN_STRICT_PROTOTYPES = YES;
				CLANG_WARN_SUSPICIOUS_MOVE = YES;
				CLANG_WARN_UNGUARDED_AVAILABILITY = YES_AGGRESSIVE;
				CLANG_WARN_UNREACHABLE_CODE = YES;
				CLANG_WARN__DUPLICATE_METHOD_MATCH = YES;
				CODE_SIGN_STYLE = Automatic;
				COPY_PHASE_STRIP = NO;
				DEBUG_INFORMATION_FORMAT = dwarf;
				DEVELOPMENT_TEAM = Z9CXT3ZVLD;
				ENABLE_STRICT_OBJC_MSGSEND = YES;
				ENABLE_TESTABILITY = YES;
				"EXCLUDED_ARCHS[sdk=iphonesimulator*]" = x86_64;
				GCC_C_LANGUAGE_STANDARD = gnu11;
				GCC_DYNAMIC_NO_PIC = NO;
				GCC_NO_COMMON_BLOCKS = YES;
				GCC_OPTIMIZATION_LEVEL = 0;
				GCC_PREPROCESSOR_DEFINITIONS = (
					"$(inherited)",
					"DEBUG=1",
				);
				GCC_WARN_64_TO_32_BIT_CONVERSION = YES;
				GCC_WARN_ABOUT_RETURN_TYPE = YES_ERROR;
				GCC_WARN_UNDECLARED_SELECTOR = YES;
				GCC_WARN_UNINITIALIZED_AUTOS = YES_AGGRESSIVE;
				GCC_WARN_UNUSED_FUNCTION = YES;
				GCC_WARN_UNUSED_VARIABLE = YES;
				GENERATE_INFOPLIST_FILE = NO;
				INFOPLIST_FILE = Info.plist;
				IPHONEOS_DEPLOYMENT_TARGET = 17.0;
				LIBRARY_SEARCH_PATHS = (
					"$(PROJECT_DIR)/../target/$(SWIFT_PLATFORM_TARGET_PREFIX)/release",
				);
				MTL_ENABLE_DEBUG_INFO = INCLUDE_SOURCE;
				MTL_FAST_MATH = YES;
				ONLY_ACTIVE_ARCH = YES;
				OTHER_LDFLAGS = (
					"-lacord_viewport",
				);
				PRODUCT_BUNDLE_IDENTIFIER = "org.else-if.acord";
				PRODUCT_NAME = "$(TARGET_NAME)";
				SDKROOT = iphoneos;
				SWIFT_ACTIVE_COMPILATION_CONDITIONS = DEBUG;
				SWIFT_OBJC_BRIDGING_HEADER = ../viewport/include/acord.h;
				SWIFT_OPTIMIZATION_LEVEL = "-Onone";
				SWIFT_VERSION = 5.0;
				TARGETED_DEVICE_FAMILY = "2,1";
			};
			name = Debug;
		};
		BD94F4C316032DE882EDD91D /* Release */ = {
			isa = XCBuildConfiguration;
			buildSettings = {
				ALWAYS_SEARCH_USER_PATHS = NO;
				CLANG_ANALYZER_NONNULL = YES;
				CLANG_ANALYZER_NUMBER_OBJECT_CONVERSION = YES_AGGRESSIVE;
				CLANG_CXX_LANGUAGE_STANDARD = "gnu++14";
				CLANG_CXX_LIBRARY = "libc++";
				CLANG_ENABLE_MODULES = YES;
				CLANG_ENABLE_OBJC_ARC = YES;
				CLANG_ENABLE_OBJC_WEAK = YES;
				CLANG_WARN_BLOCK_CAPTURE_AUTORELEASING = YES;
				CLANG_WARN_BOOL_CONVERSION = YES;
				CLANG_WARN_COMMA = YES;
				CLANG_WARN_CONSTANT_CONVERSION = YES;
				CLANG_WARN_DEPRECATED_OBJC_IMPLEMENTATIONS = YES;
				CLANG_WARN_DIRECT_OBJC_ISA_USAGE = YES_ERROR;
				CLANG_WARN_DOCUMENTATION_COMMENTS = YES;
				CLANG_WARN_EMPTY_BODY = YES;
				CLANG_WARN_ENUM_CONVERSION = YES;
				CLANG_WARN_INFINITE_RECURSION = YES;
				CLANG_WARN_INT_CONVERSION = YES;
				CLANG_WARN_NON_LITERAL_NULL_CONVERSION = YES;
				CLANG_WARN_OBJC_IMPLICIT_RETAIN_SELF = YES;
				CLANG_WARN_OBJC_LITERAL_CONVERSION = YES;
				CLANG_WARN_OBJC_ROOT_CLASS = YES_ERROR;
				CLANG_WARN_QUOTED_INCLUDE_IN_FRAMEWORK_HEADER = YES;
				CLANG_WARN_RANGE_LOOP_ANALYSIS = YES;
				CLANG_WARN_STRICT_PROTOTYPES = YES;
				CLANG_WARN_SUSPICIOUS_MOVE = YES;
				CLANG_WARN_UNGUARDED_AVAILABILITY = YES_AGGRESSIVE;
				CLANG_WARN_UNREACHABLE_CODE = YES;
				CLANG_WARN__DUPLICATE_METHOD_MATCH = YES;
				CODE_SIGN_STYLE = Automatic;
				COPY_PHASE_STRIP = NO;
				DEBUG_INFORMATION_FORMAT = "dwarf-with-dsym";
				DEVELOPMENT_TEAM = Z9CXT3ZVLD;
				ENABLE_NS_ASSERTIONS = NO;
				ENABLE_STRICT_OBJC_MSGSEND = YES;
				"EXCLUDED_ARCHS[sdk=iphonesimulator*]" = x86_64;
				GCC_C_LANGUAGE_STANDARD = gnu11;
				GCC_NO_COMMON_BLOCKS = YES;
				GCC_WARN_64_TO_32_BIT_CONVERSION = YES;
				GCC_WARN_ABOUT_RETURN_TYPE = YES_ERROR;
				GCC_WARN_UNDECLARED_SELECTOR = YES;
				GCC_WARN_UNINITIALIZED_AUTOS = YES_AGGRESSIVE;
				GCC_WARN_UNUSED_FUNCTION = YES;
				GCC_WARN_UNUSED_VARIABLE = YES;
				GENERATE_INFOPLIST_FILE = NO;
				INFOPLIST_FILE = Info.plist;
				IPHONEOS_DEPLOYMENT_TARGET = 17.0;
				LIBRARY_SEARCH_PATHS = (
					"$(PROJECT_DIR)/../target/$(SWIFT_PLATFORM_TARGET_PREFIX)/release",
				);
				MTL_ENABLE_DEBUG_INFO = NO;
				MTL_FAST_MATH = YES;
				OTHER_LDFLAGS = (
					"-lacord_viewport",
				);
				PRODUCT_BUNDLE_IDENTIFIER = "org.else-if.acord";
				PRODUCT_NAME = "$(TARGET_NAME)";
				SDKROOT = iphoneos;
				SWIFT_COMPILATION_MODE = wholemodule;
				SWIFT_OBJC_BRIDGING_HEADER = ../viewport/include/acord.h;
				SWIFT_OPTIMIZATION_LEVEL = "-O";
				SWIFT_VERSION = 5.0;
				TARGETED_DEVICE_FAMILY = "2,1";
			};
			name = Release;
		};
		DE73E63D55AA5210B9A4B0A6 /* Debug */ = {
			isa = XCBuildConfiguration;
			buildSettings = {
				ASSETCATALOG_COMPILER_APPICON_NAME = AppIcon;
				CODE_SIGN_IDENTITY = "iPhone Developer";
				GENERATE_INFOPLIST_FILE = NO;
				INFOPLIST_FILE = Info.plist;
				LD_RUNPATH_SEARCH_PATHS = (
					"$(inherited)",
					"@executable_path/Frameworks",
				);
				SDKROOT = iphoneos;
				TARGETED_DEVICE_FAMILY = "1,2";
			};
			name = Debug;
		};
/* End XCBuildConfiguration section */

/* Begin XCConfigurationList section */
		261D70D5A0F2EFA858BAC36B /* Build configuration list for PBXProject "Acord" */ = {
			isa = XCConfigurationList;
			buildConfigurations = (
				B3D8DA79CBDF75AC06C89531 /* Debug */,
				BD94F4C316032DE882EDD91D /* Release */,
			);
			defaultConfigurationIsVisible = 0;
			defaultConfigurationName = Debug;
		};
		3E9D564CF91C62A230D65F8C /* Build configuration list for PBXNativeTarget "Acord" */ = {
			isa = XCConfigurationList;
			buildConfigurations = (
				DE73E63D55AA5210B9A4B0A6 /* Debug */,
				080B2F33A2C01A572AC58876 /* Release */,
			);
			defaultConfigurationIsVisible = 0;
			defaultConfigurationName = Debug;
		};
/* End XCConfigurationList section */
	};
	rootObject = 95AA9E1332B7B3FDB04625FA /* Project object */;
}
